{
  "name": "sqlfmt",
  "version": "1.1.1",
  "lockfileVersion": 3,
  "requires": true,
  "packages": {
    "": {
      "name": "sqlfmt",
      "version": "1.1.1",
      "license": "MIT",
      "dependencies": {
        "@vcoppola/sqlfmt": "^1.1.1"
      },
      "devDependencies": {
        "@types/vscode": "^1.85.0",
        "typescript": "^5.9.3"
      },
      "engines": {
        "vscode": "^1.85.0"
      }
    },
    "node_modules/@types/vscode": {
      "version": "1.109.0",
      "resolved": "https://registry.npmjs.org/@types/vscode/-/vscode-1.109.0.tgz",
      "integrity": "sha512-0Pf95rnwEIwDbmXGC08r0B4TQhAbsHQ5UyTIgVgoieDe4cOnf92usuR5dEczb6bTKEp7ziZH4TV1TRGPPCExtw==",
      "dev": true,
      "license": "MIT"
    },
    "node_modules/@vcoppola/sqlfmt": {
      "version": "1.1.1",
      "resolved": "https://registry.npmjs.org/@vcoppola/sqlfmt/-/sqlfmt-1.1.1.tgz",
      "integrity": "sha512-jRPZPwxUmjEcberdznW/G+GLgyaHOOFWeJMADlcAvkq7RF53/BhRerIvQBb6PcyEfQawUBVSqs6wuraKbO1m1A==",
      "license": "MIT",
      "bin": {
        "sqlfmt": "dist/cli.cjs"
      }
    },
    "node_modules/typescript": {
      "version": "5.9.3",
      "resolved": "https://registry.npmjs.org/typescript/-/typescript-5.9.3.tgz",
      "integrity": "sha512-jl1vZzPDinLr9eUt3J/t7V6FgNEw9QjvBPdysz9KfQDD41fQrC2Y4vKQdiaUpFT4bXlb1RHhLpp8wtm6M5TgSw==",
      "dev": true,
      "license": "Apache-2.0",
      "bin": {
        "tsc": "bin/tsc",
        "tsserver": "bin/tsserver"
      },
      "engines": {
        "node": ">=14.17"
      }
    }
  }
}
